// !$*UTF8*$!
{
	archiveVersion = 1;
	classes = {
	};
	objectVersion = 51;
	objects = {

/* Begin PBXBuildFile section */
		4BEB8A782972B55CB7CCF7FE /* Pods_KnowSomeThing.framework in Frameworks */ = {isa = PBXBuildFile; fileRef = 821105E9C0E1F0D4FD6099B1 /* Pods_KnowSomeThing.framework */; };
		8418A78124DA59D90071F47F /* AppDelegate.swift in Sources */ = {isa = PBXBuildFile; fileRef = 8418A78024DA59D90071F47F /* AppDelegate.swift */; };
		8418A78524DA59D90071F47F /* CountryViewController.swift in Sources */ = {isa = PBXBuildFile; fileRef = 8418A78424DA59D90071F47F /* CountryViewController.swift */; };
		8418A78A24DA59DC0071F47F /* Assets.xcassets in Resources */ = {isa = PBXBuildFile; fileRef = 8418A78924DA59DC0071F47F /* Assets.xcassets */; };
		8418A78D24DA59DC0071F47F /* LaunchScreen.storyboard in Resources */ = {isa = PBXBuildFile; fileRef = 8418A78B24DA59DC0071F47F /* LaunchScreen.storyboard */; };
		8418A79824DA59DD0071F47F /* KnowSomeThingTests.swift in Sources */ = {isa = PBXBuildFile; fileRef = 8418A79724DA59DD0071F47F /* KnowSomeThingTests.swift */; };
		8418A7A324DA59DD0071F47F /* KnowSomeThingUITests.swift in Sources */ = {isa = PBXBuildFile; fileRef = 8418A7A224DA59DD0071F47F /* KnowSomeThingUITests.swift */; };
		8418A7B624DA69D70071F47F /* CountryModel.swift in Sources */ = {isa = PBXBuildFile; fileRef = 8418A7B524DA69D70071F47F /* CountryModel.swift */; };
		8418A7B824DA6B040071F47F /* CountryPresenter.swift in Sources */ = {isa = PBXBuildFile; fileRef = 8418A7B724DA6B040071F47F /* CountryPresenter.swift */; };
		8418A7BB24DA6BA60071F47F /* ItemTableViewCell.swift in Sources */ = {isa = PBXBuildFile; fileRef = 8418A7BA24DA6BA60071F47F /* ItemTableViewCell.swift */; };
		84D1512C24DAA3AF0069D426 /* country.json in Resources */ = {isa = PBXBuildFile; fileRef = 84D1512B24DAA3AF0069D426 /* country.json */; };
		84D1513A24DAD1120069D426 /* RestManager.swift in Sources */ = {isa = PBXBuildFile; fileRef = 84D1513924DAD1120069D426 /* RestManager.swift */; };
/* End PBXBuildFile section */

/* Begin PBXContainerItemProxy section */
		8418A79424DA59DD0071F47F /* PBXContainerItemProxy */ = {
			isa = PBXContainerItemProxy;
			containerPortal = 8418A77524DA59D90071F47F /* Project object */;
			proxyType = 1;
			remoteGlobalIDString = 8418A77C24DA59D90071F47F;
			remoteInfo = KnowSomeThing;
		};
		8418A79F24DA59DD0071F47F /* PBXContainerItemProxy */ = {
			isa = PBXContainerItemProxy;
			containerPortal = 8418A77524DA59D90071F47F /* Project object */;
			proxyType = 1;
			remoteGlobalIDString = 8418A77C24DA59D90071F47F;
			remoteInfo = KnowSomeThing;
		};
/* End PBXContainerItemProxy section */

/* Begin PBXFileReference section */
		44886507D072E31BA5A21BE9 /* Pods-KnowSomeThing.release.xcconfig */ = {isa = PBXFileReference; includeInIndex = 1; lastKnownFileType = text.xcconfig; name = "Pods-KnowSomeThing.release.xcconfig"; path = "Target Support Files/Pods-KnowSomeThing/Pods-KnowSomeThing.release.xcconfig"; sourceTree = "<group>"; };
		7EF5AA6367DEABF44D4259C1 /* Pods-KnowSomeThing.debug.xcconfig */ = {isa = PBXFileReference; includeInIndex = 1; lastKnownFileType = text.xcconfig; name = "Pods-KnowSomeThing.debug.xcconfig"; path = "Target Support Files/Pods-KnowSomeThing/Pods-KnowSomeThing.debug.xcconfig"; sourceTree = "<group>"; };
		821105E9C0E1F0D4FD6099B1 /* Pods_KnowSomeThing.framework */ = {isa = PBXFileReference; explicitFileType = wrapper.framework; includeInIndex = 0; path = Pods_KnowSomeThing.framework; sourceTree = BUILT_PRODUCTS_DIR; };
		8418A77D24DA59D90071F47F /* KnowSomeThing.app */ = {isa = PBXFileReference; explicitFileType = wrapper.application; includeInIndex = 0; path = KnowSomeThing.app; sourceTree = BUILT_PRODUCTS_DIR; };
		8418A78024DA59D90071F47F /* AppDelegate.swift */ = {isa = PBXFileReference; lastKnownFileType = sourcecode.swift; path = AppDelegate.swift; sourceTree = "<group>"; };
		8418A78424DA59D90071F47F /* CountryViewController.swift */ = {isa = PBXFileReference; lastKnownFileType = sourcecode.swift; path = CountryViewController.swift; sourceTree = "<group>"; };
		8418A78924DA59DC0071F47F /* Assets.xcassets */ = {isa = PBXFileReference; lastKnownFileType = folder.assetcatalog; path = Assets.xcassets; sourceTree = "<group>"; };
		8418A78C24DA59DC0071F47F /* Base */ = {isa = PBXFileReference; lastKnownFileType = file.storyboard; name = Base; path = Base.lproj/LaunchScreen.storyboard; sourceTree = "<group>"; };
		8418A78E24DA59DC0071F47F /* Info.plist */ = {isa = PBXFileReference; lastKnownFileType = text.plist.xml; path = Info.plist; sourceTree = "<group>"; };
		8418A79324DA59DD0071F47F /* KnowSomeThingTests.xctest */ = {isa = PBXFileReference; explicitFileType = wrapper.cfbundle; includeInIndex = 0; path = KnowSomeThingTests.xctest; sourceTree = BUILT_PRODUCTS_DIR; };
		8418A79724DA59DD0071F47F /* KnowSomeThingTests.swift */ = {isa = PBXFileReference; lastKnownFileType = sourcecode.swift; path = KnowSomeThingTests.swift; sourceTree = "<group>"; };
		8418A79924DA59DD0071F47F /* Info.plist */ = {isa = PBXFileReference; lastKnownFileType = text.plist.xml; path = Info.plist; sourceTree = "<group>"; };
		8418A79E24DA59DD0071F47F /* KnowSomeThingUITests.xctest */ = {isa = PBXFileReference; explicitFileType = wrapper.cfbundle; includeInIndex = 0; path = KnowSomeThingUITests.xctest; sourceTree = BUILT_PRODUCTS_DIR; };
		8418A7A224DA59DD0071F47F /* KnowSomeThingUITests.swift */ = {isa = PBXFileReference; lastKnownFileType = sourcecode.swift; path = KnowSomeThingUITests.swift; sourceTree = "<group>"; };
		8418A7A424DA59DD0071F47F /* Info.plist */ = {isa = PBXFileReference; lastKnownFileType = text.plist.xml; path = Info.plist; sourceTree = "<group>"; };
		8418A7B524DA69D70071F47F /* CountryModel.swift */ = {isa = PBXFileReference; lastKnownFileType = sourcecode.swift; path = CountryModel.swift; sourceTree = "<group>"; };
		8418A7B724DA6B040071F47F /* CountryPresenter.swift */ = {isa = PBXFileReference; lastKnownFileType = sourcecode.swift; path = CountryPresenter.swift; sourceTree = "<group>"; };
		8418A7BA24DA6BA60071F47F /* ItemTableViewCell.swift */ = {isa = PBXFileReference; lastKnownFileType = sourcecode.swift; path = ItemTableViewCell.swift; sourceTree = "<group>"; };
		84D1512B24DAA3AF0069D426 /* country.json */ = {isa = PBXFileReference; lastKnownFileType = text.json; path = country.json; sourceTree = "<group>"; };
		84D1513924DAD1120069D426 /* RestManager.swift */ = {isa = PBXFileReference; fileEncoding = 4; lastKnownFileType = sourcecode.swift; path = RestManager.swift; sourceTree = "<group>"; };
/* End PBXFileReference section */

/* Begin PBXFrameworksBuildPhase section */
		8418A77A24DA59D90071F47F /* Frameworks */ = {
			isa = PBXFrameworksBuildPhase;
			buildActionMask = 2147483647;
			files = (
				4BEB8A782972B55CB7CCF7FE /* Pods_KnowSomeThing.framework in Frameworks */,
			);
			runOnlyForDeploymentPostprocessing = 0;
		};
		8418A79024DA59DD0071F47F /* Frameworks */ = {
			isa = PBXFrameworksBuildPhase;
			buildActionMask = 2147483647;
			files = (
			);
			runOnlyForDeploymentPostprocessing = 0;
		};
		8418A79B24DA59DD0071F47F /* Frameworks */ = {
			isa = PBXFrameworksBuildPhase;
			buildActionMask = 2147483647;
			files = (
			);
			runOnlyForDeploymentPostprocessing = 0;
		};
/* End PBXFrameworksBuildPhase section */

/* Begin PBXGroup section */
		39C737E1447494FAC007FA9D /* Frameworks */ = {
			isa = PBXGroup;
			children = (
				821105E9C0E1F0D4FD6099B1 /* Pods_KnowSomeThing.framework */,
			);
			name = Frameworks;
			sourceTree = "<group>";
		};
		8418A77424DA59D90071F47F = {
			isa = PBXGroup;
			children = (
				8418A77F24DA59D90071F47F /* KnowSomeThing */,
				8418A79624DA59DD0071F47F /* KnowSomeThingTests */,
				8418A7A124DA59DD0071F47F /* KnowSomeThingUITests */,
				8418A77E24DA59D90071F47F /* Products */,
				AAF31B6CE64FE78282314CDC /* Pods */,
				39C737E1447494FAC007FA9D /* Frameworks */,
			);
			sourceTree = "<group>";
		};
		8418A77E24DA59D90071F47F /* Products */ = {
			isa = PBXGroup;
			children = (
				8418A77D24DA59D90071F47F /* KnowSomeThing.app */,
				8418A79324DA59DD0071F47F /* KnowSomeThingTests.xctest */,
				8418A79E24DA59DD0071F47F /* KnowSomeThingUITests.xctest */,
			);
			name = Products;
			sourceTree = "<group>";
		};
		8418A77F24DA59D90071F47F /* KnowSomeThing */ = {
			isa = PBXGroup;
			children = (
				84D1513624DAD0D40069D426 /* Network */,
				8418A78024DA59D90071F47F /* AppDelegate.swift */,
				8418A7B024DA697C0071F47F /* Screens */,
				8418A78924DA59DC0071F47F /* Assets.xcassets */,
				8418A78B24DA59DC0071F47F /* LaunchScreen.storyboard */,
				8418A78E24DA59DC0071F47F /* Info.plist */,
				84D1512B24DAA3AF0069D426 /* country.json */,
			);
			path = KnowSomeThing;
			sourceTree = "<group>";
		};
		8418A79624DA59DD0071F47F /* KnowSomeThingTests */ = {
			isa = PBXGroup;
			children = (
				8418A79724DA59DD0071F47F /* KnowSomeThingTests.swift */,
				8418A79924DA59DD0071F47F /* Info.plist */,
			);
			path = KnowSomeThingTests;
			sourceTree = "<group>";
		};
		8418A7A124DA59DD0071F47F /* KnowSomeThingUITests */ = {
			isa = PBXGroup;
			children = (
				8418A7A224DA59DD0071F47F /* KnowSomeThingUITests.swift */,
				8418A7A424DA59DD0071F47F /* Info.plist */,
			);
			path = KnowSomeThingUITests;
			sourceTree = "<group>";
		};
		8418A7B024DA697C0071F47F /* Screens */ = {
			isa = PBXGroup;
			children = (
				8418A7B124DA69840071F47F /* CountryScreen */,
			);
			path = Screens;
			sourceTree = "<group>";
		};
		8418A7B124DA69840071F47F /* CountryScreen */ = {
			isa = PBXGroup;
			children = (
				8418A7B424DA69BD0071F47F /* Model */,
				8418A7B324DA69AE0071F47F /* Presenter */,
				8418A7B224DA69A20071F47F /* View */,
			);
			path = CountryScreen;
			sourceTree = "<group>";
		};
		8418A7B224DA69A20071F47F /* View */ = {
			isa = PBXGroup;
			children = (
				8418A7B924DA6B8C0071F47F /* Cells */,
				8418A78424DA59D90071F47F /* CountryViewController.swift */,
			);
			path = View;
			sourceTree = "<group>";
		};
		8418A7B324DA69AE0071F47F /* Presenter */ = {
			isa = PBXGroup;
			children = (
				8418A7B724DA6B040071F47F /* CountryPresenter.swift */,
			);
			path = Presenter;
			sourceTree = "<group>";
		};
		8418A7B424DA69BD0071F47F /* Model */ = {
			isa = PBXGroup;
			children = (
				8418A7B524DA69D70071F47F /* CountryModel.swift */,
			);
			path = Model;
			sourceTree = "<group>";
		};
		8418A7B924DA6B8C0071F47F /* Cells */ = {
			isa = PBXGroup;
			children = (
				8418A7BA24DA6BA60071F47F /* ItemTableViewCell.swift */,
			);
			path = Cells;
			sourceTree = "<group>";
		};
		84D1513624DAD0D40069D426 /* Network */ = {
			isa = PBXGroup;
			children = (
				84D1513924DAD1120069D426 /* RestManager.swift */,
			);
			path = Network;
			sourceTree = "<group>";
		};
		AAF31B6CE64FE78282314CDC /* Pods */ = {
			isa = PBXGroup;
			children = (
				7EF5AA6367DEABF44D4259C1 /* Pods-KnowSomeThing.debug.xcconfig */,
				44886507D072E31BA5A21BE9 /* Pods-KnowSomeThing.release.xcconfig */,
			);
			path = Pods;
			sourceTree = "<group>";
		};
/* End PBXGroup section */

/* Begin PBXNativeTarget section */
		8418A77C24DA59D90071F47F /* KnowSomeThing */ = {
			isa = PBXNativeTarget;
			buildConfigurationList = 8418A7A724DA59DD0071F47F /* Build configuration list for PBXNativeTarget "KnowSomeThing" */;
			buildPhases = (
				7846A05FF94B274D55DA57B1 /* [CP] Check Pods Manifest.lock */,
				8418A77924DA59D90071F47F /* Sources */,
				8418A77A24DA59D90071F47F /* Frameworks */,
				8418A77B24DA59D90071F47F /* Resources */,
				B693A63C216E674F84B6886A /* [CP] Embed Pods Frameworks */,
			);
			buildRules = (
			);
			dependencies = (
			);
			name = KnowSomeThing;
			productName = KnowSomeThing;
			productReference = 8418A77D24DA59D90071F47F /* KnowSomeThing.app */;
			productType = "com.apple.product-type.application";
		};
		8418A79224DA59DD0071F47F /* KnowSomeThingTests */ = {
			isa = PBXNativeTarget;
			buildConfigurationList = 8418A7AA24DA59DD0071F47F /* Build configuration list for PBXNativeTarget "KnowSomeThingTests" */;
			buildPhases = (
				8418A78F24DA59DD0071F47F /* Sources */,
				8418A79024DA59DD0071F47F /* Frameworks */,
				8418A79124DA59DD0071F47F /* Resources */,
			);
			buildRules = (
			);
			dependencies = (
				8418A79524DA59DD0071F47F /* PBXTargetDependency */,
			);
			name = KnowSomeThingTests;
			productName = KnowSomeThingTests;
			productReference = 8418A79324DA59DD0071F47F /* KnowSomeThingTests.xctest */;
			productType = "com.apple.product-type.bundle.unit-test";
		};
		8418A79D24DA59DD0071F47F /* KnowSomeThingUITests */ = {
			isa = PBXNativeTarget;
			buildConfigurationList = 8418A7AD24DA59DD0071F47F /* Build configuration list for PBXNativeTarget "KnowSomeThingUITests" */;
			buildPhases = (
				8418A79A24DA59DD0071F47F /* Sources */,
				8418A79B24DA59DD0071F47F /* Frameworks */,
				8418A79C24DA59DD0071F47F /* Resources */,
			);
			buildRules = (
			);
			dependencies = (
				8418A7A024DA59DD0071F47F /* PBXTargetDependency */,
			);
			name = KnowSomeThingUITests;
			productName = KnowSomeThingUITests;
			productReference = 8418A79E24DA59DD0071F47F /* KnowSomeThingUITests.xctest */;
			productType = "com.apple.product-type.bundle.ui-testing";
		};
/* End PBXNativeTarget section */

/* Begin PBXProject section */
		8418A77524DA59D90071F47F /* Project object */ = {
			isa = PBXProject;
			attributes = {
				LastSwiftUpdateCheck = 1160;
				LastUpgradeCheck = 1160;
				ORGANIZATIONNAME = Rajasekhar;
				TargetAttributes = {
					8418A77C24DA59D90071F47F = {
						CreatedOnToolsVersion = 11.6;
					};
					8418A79224DA59DD0071F47F = {
						CreatedOnToolsVersion = 11.6;
						TestTargetID = 8418A77C24DA59D90071F47F;
					};
					8418A79D24DA59DD0071F47F = {
						CreatedOnToolsVersion = 11.6;
						TestTargetID = 8418A77C24DA59D90071F47F;
					};
				};
			};
			buildConfigurationList = 8418A77824DA59D90071F47F /* Build configuration list for PBXProject "KnowSomeThing" */;
			compatibilityVersion = "Xcode 9.3";
			developmentRegion = en;
			hasScannedForEncodings = 0;
			knownRegions = (
				en,
				Base,
			);
			mainGroup = 8418A77424DA59D90071F47F;
			productRefGroup = 8418A77E24DA59D90071F47F /* Products */;
			projectDirPath = "";
			projectRoot = "";
			targets = (
				8418A77C24DA59D90071F47F /* KnowSomeThing */,
				8418A79224DA59DD0071F47F /* KnowSomeThingTests */,
				8418A79D24DA59DD0071F47F /* KnowSomeThingUITests */,
			);
		};
/* End PBXProject section */

/* Begin PBXResourcesBuildPhase section */
		8418A77B24DA59D90071F47F /* Resources */ = {
			isa = PBXResourcesBuildPhase;
			buildActionMask = 2147483647;
			files = (
				8418A78D24DA59DC0071F47F /* LaunchScreen.storyboard in Resources */,
				8418A78A24DA59DC0071F47F /* Assets.xcassets in Resources */,
				84D1512C24DAA3AF0069D426 /* country.json in Resources */,
			);
			runOnlyForDeploymentPostprocessing = 0;
		};
		8418A79124DA59DD0071F47F /* Resources */ = {
			isa = PBXResourcesBuildPhase;
			buildActionMask = 2147483647;
			files = (
			);
			runOnlyForDeploymentPostprocessing = 0;
		};
		8418A79C24DA59DD0071F47F /* Resources */ = {
			isa = PBXResourcesBuildPhase;
			buildActionMask = 2147483647;
			files = (
			);
			runOnlyForDeploymentPostprocessing = 0;
		};
/* End PBXResourcesBuildPhase section */

/* Begin PBXShellScriptBuildPhase section */
		7846A05FF94B274D55DA57B1 /* [CP] Check Pods Manifest.lock */ = {
			isa = PBXShellScriptBuildPhase;
			buildActionMask = 2147483647;
			files = (
			);
			inputFileListPaths = (
			);
			inputPaths = (
				"${PODS_PODFILE_DIR_PATH}/Podfile.lock",
				"${PODS_ROOT}/Manifest.lock",
			);
			name = "[CP] Check Pods Manifest.lock";
			outputFileListPaths = (
			);
			outputPaths = (
				"$(DERIVED_FILE_DIR)/Pods-KnowSomeThing-checkManifestLockResult.txt",
			);
			runOnlyForDeploymentPostprocessing = 0;
			shellPath = /bin/sh;
			shellScript = "diff \"${PODS_PODFILE_DIR_PATH}/Podfile.lock\" \"${PODS_ROOT}/Manifest.lock\" > /dev/null\nif [ $? != 0 ] ; then\n    # print error to STDERR\n    echo \"error: The sandbox is not in sync with the Podfile.lock. Run 'pod install' or update your CocoaPods installation.\" >&2\n    exit 1\nfi\n# This output is used by Xcode 'outputs' to avoid re-running this script phase.\necho \"SUCCESS\" > \"${SCRIPT_OUTPUT_FILE_0}\"\n";
			showEnvVarsInLog = 0;
		};
		B693A63C216E674F84B6886A /* [CP] Embed Pods Frameworks */ = {
			isa = PBXShellScriptBuildPhase;
			buildActionMask = 2147483647;
			files = (
			);
			inputFileListPaths = (
				"${PODS_ROOT}/Target Support Files/Pods-KnowSomeThing/Pods-KnowSomeThing-frameworks-${CONFIGURATION}-input-files.xcfilelist",
			);
			name = "[CP] Embed Pods Frameworks";
			outputFileListPaths = (
				"${PODS_ROOT}/Target Support Files/Pods-KnowSomeThing/Pods-KnowSomeThing-frameworks-${CONFIGURATION}-output-files.xcfilelist",
			);
			runOnlyForDeploymentPostprocessing = 0;
			shellPath = /bin/sh;
			shellScript = "\"${PODS_ROOT}/Target Support Files/Pods-KnowSomeThing/Pods-KnowSomeThing-frameworks.sh\"\n";
			showEnvVarsInLog = 0;
		};
/* End PBXShellScriptBuildPhase section */

/* Begin PBXSourcesBuildPhase section */
		8418A77924DA59D90071F47F /* Sources */ = {
			isa = PBXSourcesBuildPhase;
			buildActionMask = 2147483647;
			files = (
				8418A78524DA59D90071F47F /* CountryViewController.swift in Sources */,
				8418A7B824DA6B040071F47F /* CountryPresenter.swift in Sources */,
				8418A7BB24DA6BA60071F47F /* ItemTableViewCell.swift in Sources */,
				84D1513A24DAD1120069D426 /* RestManager.swift in Sources */,
				8418A78124DA59D90071F47F /* AppDelegate.swift in Sources */,
				8418A7B624DA69D70071F47F /* CountryModel.swift in Sources */,
			);
			runOnlyForDeploymentPostprocessing = 0;
		};
		8418A78F24DA59DD0071F47F /* Sources */ = {
			isa = PBXSourcesBuildPhase;
			buildActionMask = 2147483647;
			files = (
				8418A79824DA59DD0071F47F /* KnowSomeThingTests.swift in Sources */,
			);
			runOnlyForDeploymentPostprocessing = 0;
		};
		8418A79A24DA59DD0071F47F /* Sources */ = {
			isa = PBXSourcesBuildPhase;
			buildActionMask = 2147483647;
			files = (
				8418A7A324DA59DD0071F47F /* KnowSomeThingUITests.swift in Sources */,
			);
			runOnlyForDeploymentPostprocessing = 0;
		};
/* End PBXSourcesBuildPhase section */

/* Begin PBXTargetDependency section */
		8418A79524DA59DD0071F47F /* PBXTargetDependency */ = {
			isa = PBXTargetDependency;
			target = 8418A77C24DA59D90071F47F /* KnowSomeThing */;
			targetProxy = 8418A79424DA59DD0071F47F /* PBXContainerItemProxy */;
		};
		8418A7A024DA59DD0071F47F /* PBXTargetDependency */ = {
			isa = PBXTargetDependency;
			target = 8418A77C24DA59D90071F47F /* KnowSomeThing */;
			targetProxy = 8418A79F24DA59DD0071F47F /* PBXContainerItemProxy */;
		};
/* End PBXTargetDependency section */

/* Begin PBXVariantGroup section */
		8418A78B24DA59DC0071F47F /* LaunchScreen.storyboard */ = {
			isa = PBXVariantGroup;
			children = (
				8418A78C24DA59DC0071F47F /* Base */,
			);
			name = LaunchScreen.storyboard;
			sourceTree = "<group>";
		};
/* End PBXVariantGroup section */

/* Begin XCBuildConfiguration section */
		8418A7A524DA59DD0071F47F /* Debug */ = {
			isa = XCBuildConfiguration;
			buildSettings = {
				ALWAYS_SEARCH_USER_PATHS = NO;
				CLANG_ANALYZER_NONNULL = YES;
				CLANG_ANALYZER_NUMBER_OBJECT_CONVERSION = YES_AGGRESSIVE;
				CLANG_CXX_LANGUAGE_STANDARD = "gnu++14";
				CLANG_CXX_LIBRARY = "libc++";
				CLANG_ENABLE_MODULES = YES;
				CLANG_ENABLE_OBJC_ARC = YES;
				CLANG_ENABLE_OBJC_WEAK = YES;
				CLANG_WARN_BLOCK_CAPTURE_AUTORELEASING = YES;
				CLANG_WARN_BOOL_CONVERSION = YES;
				CLANG_WARN_COMMA = YES;
				CLANG_WARN_CONSTANT_CONVERSION = YES;
				CLANG_WARN_DEPRECATED_OBJC_IMPLEMENTATIONS = YES;
				CLANG_WARN_DIRECT_OBJC_ISA_USAGE = YES_ERROR;
				CLANG_WARN_DOCUMENTATION_COMMENTS = YES;
				CLANG_WARN_EMPTY_BODY = YES;
				CLANG_WARN_ENUM_CONVERSION = YES;
				CLANG_WARN_INFINITE_RECURSION = YES;
				CLANG_WARN_INT_CONVERSION = YES;
				CLANG_WARN_NON_LITERAL_NULL_CONVERSION = YES;
				CLANG_WARN_OBJC_IMPLICIT_RETAIN_SELF = YES;
				CLANG_WARN_OBJC_LITERAL_CONVERSION = YES;
				CLANG_WARN_OBJC_ROOT_CLASS = YES_ERROR;
				CLANG_WARN_RANGE_LOOP_ANALYSIS = YES;
				CLANG_WARN_STRICT_PROTOTYPES = YES;
				CLANG_WARN_SUSPICIOUS_MOVE = YES;
				CLANG_WARN_UNGUARDED_AVAILABILITY = YES_AGGRESSIVE;
				CLANG_WARN_UNREACHABLE_CODE = YES;
				CLANG_WARN__DUPLICATE_METHOD_MATCH = YES;
				COPY_PHASE_STRIP = NO;
				DEBUG_INFORMATION_FORMAT = dwarf;
				ENABLE_STRICT_OBJC_MSGSEND = YES;
				ENABLE_TESTABILITY = YES;
				GCC_C_LANGUAGE_STANDARD = gnu11;
				GCC_DYNAMIC_NO_PIC = NO;
				GCC_NO_COMMON_BLOCKS = YES;
				GCC_OPTIMIZATION_LEVEL = 0;
				GCC_PREPROCESSOR_DEFINITIONS = (
					"DEBUG=1",
					"$(inherited)",
				);
				GCC_WARN_64_TO_32_BIT_CONVERSION = YES;
				GCC_WARN_ABOUT_RETURN_TYPE = YES_ERROR;
				GCC_WARN_UNDECLARED_SELECTOR = YES;
				GCC_WARN_UNINITIALIZED_AUTOS = YES_AGGRESSIVE;
				GCC_WARN_UNUSED_FUNCTION = YES;
				GCC_WARN_UNUSED_VARIABLE = YES;
				IPHONEOS_DEPLOYMENT_TARGET = 13.6;
				MTL_ENABLE_DEBUG_INFO = INCLUDE_SOURCE;
				MTL_FAST_MATH = YES;
				ONLY_ACTIVE_ARCH = YES;
				SDKROOT = iphoneos;
				SWIFT_ACTIVE_COMPILATION_CONDITIONS = DEBUG;
				SWIFT_OPTIMIZATION_LEVEL = "-Onone";
			};
			name = Debug;
		};
		8418A7A624DA59DD0071F47F /* Release */ = {
			isa = XCBuildConfiguration;
			buildSettings = {
				ALWAYS_SEARCH_USER_PATHS = NO;
				CLANG_ANALYZER_NONNULL = YES;
				CLANG_ANALYZER_NUMBER_OBJECT_CONVERSION = YES_AGGRESSIVE;
				CLANG_CXX_LANGUAGE_STANDARD = "gnu++14";
				CLANG_CXX_LIBRARY = "libc++";
				CLANG_ENABLE_MODULES = YES;
				CLANG_ENABLE_OBJC_ARC = YES;
				CLANG_ENABLE_OBJC_WEAK = YES;
				CLANG_WARN_BLOCK_CAPTURE_AUTORELEASING = YES;
				CLANG_WARN_BOOL_CONVERSION = YES;
				CLANG_WARN_COMMA = YES;
				CLANG_WARN_CONSTANT_CONVERSION = YES;
				CLANG_WARN_DEPRECATED_OBJC_IMPLEMENTATIONS = YES;
				CLANG_WARN_DIRECT_OBJC_ISA_USAGE = YES_ERROR;
				CLANG_WARN_DOCUMENTATION_COMMENTS = YES;
				CLANG_WARN_EMPTY_BODY = YES;
				CLANG_WARN_ENUM_CONVERSION = YES;
				CLANG_WARN_INFINITE_RECURSION = YES;
				CLANG_WARN_INT_CONVERSION = YES;
				CLANG_WARN_NON_LITERAL_NULL_CONVERSION = YES;
				CLANG_WARN_OBJC_IMPLICIT_RETAIN_SELF = YES;
				CLANG_WARN_OBJC_LITERAL_CONVERSION = YES;
				CLANG_WARN_OBJC_ROOT_CLASS = YES_ERROR;
				CLANG_WARN_RANGE_LOOP_ANALYSIS = YES;
				CLANG_WARN_STRICT_PROTOTYPES = YES;
				CLANG_WARN_SUSPICIOUS_MOVE = YES;
				CLANG_WARN_UNGUARDED_AVAILABILITY = YES_AGGRESSIVE;
				CLANG_WARN_UNREACHABLE_CODE = YES;
				CLANG_WARN__DUPLICATE_METHOD_MATCH = YES;
				COPY_PHASE_STRIP = NO;
				DEBUG_INFORMATION_FORMAT = "dwarf-with-dsym";
				ENABLE_NS_ASSERTIONS = NO;
				ENABLE_STRICT_OBJC_MSGSEND = YES;
				GCC_C_LANGUAGE_STANDARD = gnu11;
				GCC_NO_COMMON_BLOCKS = YES;
				GCC_WARN_64_TO_32_BIT_CONVERSION = YES;
				GCC_WARN_ABOUT_RETURN_TYPE = YES_ERROR;
				GCC_WARN_UNDECLARED_SELECTOR = YES;
				GCC_WARN_UNINITIALIZED_AUTOS = YES_AGGRESSIVE;
				GCC_WARN_UNUSED_FUNCTION = YES;
				GCC_WARN_UNUSED_VARIABLE = YES;
				IPHONEOS_DEPLOYMENT_TARGET = 13.6;
				MTL_ENABLE_DEBUG_INFO = NO;
				MTL_FAST_MATH = YES;
				SDKROOT = iphoneos;
				SWIFT_COMPILATION_MODE = wholemodule;
				SWIFT_OPTIMIZATION_LEVEL = "-O";
				VALIDATE_PRODUCT = YES;
			};
			name = Release;
		};
		8418A7A824DA59DD0071F47F /* Debug */ = {
			isa = XCBuildConfiguration;
			baseConfigurationReference = 7EF5AA6367DEABF44D4259C1 /* Pods-KnowSomeThing.debug.xcconfig */;
			buildSettings = {
				ASSETCATALOG_COMPILER_APPICON_NAME = AppIcon;
				CODE_SIGN_STYLE = Automatic;
				INFOPLIST_FILE = KnowSomeThing/Info.plist;
				IPHONEOS_DEPLOYMENT_TARGET = 11.0;
				LD_RUNPATH_SEARCH_PATHS = (
					"$(inherited)",
					"@executable_path/Frameworks",
				);
				PRODUCT_BUNDLE_IDENTIFIER = com.raja.KnowSomeThing;
				PRODUCT_NAME = "$(TARGET_NAME)";
				SWIFT_VERSION = 5.0;
				TARGETED_DEVICE_FAMILY = "1,2";
			};
			name = Debug;
		};
		8418A7A924DA59DD0071F47F /* Release */ = {
			isa = XCBuildConfiguration;
			baseConfigurationReference = 44886507D072E31BA5A21BE9 /* Pods-KnowSomeThing.release.xcconfig */;
			buildSettings = {
				ASSETCATALOG_COMPILER_APPICON_NAME = AppIcon;
				CODE_SIGN_STYLE = Automatic;
				INFOPLIST_FILE = KnowSomeThing/Info.plist;
				IPHONEOS_DEPLOYMENT_TARGET = 11.0;
				LD_RUNPATH_SEARCH_PATHS = (
					"$(inherited)",
					"@executable_path/Frameworks",
				);
				PRODUCT_BUNDLE_IDENTIFIER = com.raja.KnowSomeThing;
				PRODUCT_NAME = "$(TARGET_NAME)";
				SWIFT_VERSION = 5.0;
				TARGETED_DEVICE_FAMILY = "1,2";
			};
			name = Release;
		};
		8418A7AB24DA59DD0071F47F /* Debug */ = {
			isa = XCBuildConfiguration;
			buildSettings = {
				ALWAYS_EMBED_SWIFT_STANDARD_LIBRARIES = YES;
				BUNDLE_LOADER = "$(TEST_HOST)";
				CODE_SIGN_STYLE = Automatic;
				INFOPLIST_FILE = KnowSomeThingTests/Info.plist;
				IPHONEOS_DEPLOYMENT_TARGET = 13.6;
				LD_RUNPATH_SEARCH_PATHS = (
					"$(inherited)",
					"@executable_path/Frameworks",
					"@loader_path/Frameworks",
				);
				PRODUCT_BUNDLE_IDENTIFIER = com.raja.KnowSomeThingTests;
				PRODUCT_NAME = "$(TARGET_NAME)";
				SWIFT_VERSION = 5.0;
				TARGETED_DEVICE_FAMILY = "1,2";
				TEST_HOST = "$(BUILT_PRODUCTS_DIR)/KnowSomeThing.app/KnowSomeThing";
			};
			name = Debug;
		};
		8418A7AC24DA59DD0071F47F /* Release */ = {
			isa = XCBuildConfiguration;
			buildSettings = {
				ALWAYS_EMBED_SWIFT_STANDARD_LIBRARIES = YES;
				BUNDLE_LOADER = "$(TEST_HOST)";
				CODE_SIGN_STYLE = Automatic;
				INFOPLIST_FILE = KnowSomeThingTests/Info.plist;
				IPHONEOS_DEPLOYMENT_TARGET = 13.6;
				LD_RUNPATH_SEARCH_PATHS = (
					"$(inherited)",
					"@executable_path/Frameworks",
					"@loader_path/Frameworks",
				);
				PRODUCT_BUNDLE_IDENTIFIER = com.raja.KnowSomeThingTests;
				PRODUCT_NAME = "$(TARGET_NAME)";
				SWIFT_VERSION = 5.0;
				TARGETED_DEVICE_FAMILY = "1,2";
				TEST_HOST = "$(BUILT_PRODUCTS_DIR)/KnowSomeThing.app/KnowSomeThing";
			};
			name = Release;
		};
		8418A7AE24DA59DD0071F47F /* Debug */ = {
			isa = XCBuildConfiguration;
			buildSettings = {
				ALWAYS_EMBED_SWIFT_STANDARD_LIBRARIES = YES;
				CODE_SIGN_STYLE = Automatic;
				INFOPLIST_FILE = KnowSomeThingUITests/Info.plist;
				LD_RUNPATH_SEARCH_PATHS = (
					"$(inherited)",
					"@executable_path/Frameworks",
					"@loader_path/Frameworks",
				);
				PRODUCT_BUNDLE_IDENTIFIER = com.raja.KnowSomeThingUITests;
				PRODUCT_NAME = "$(TARGET_NAME)";
				SWIFT_VERSION = 5.0;
				TARGETED_DEVICE_FAMILY = "1,2";
				TEST_TARGET_NAME = KnowSomeThing;
			};
			name = Debug;
		};
		8418A7AF24DA59DD0071F47F /* Release */ = {
			isa = XCBuildConfiguration;
			buildSettings = {
				ALWAYS_EMBED_SWIFT_STANDARD_LIBRARIES = YES;
				CODE_SIGN_STYLE = Automatic;
				INFOPLIST_FILE = KnowSomeThingUITests/Info.plist;
				LD_RUNPATH_SEARCH_PATHS = (
					"$(inherited)",
					"@executable_path/Frameworks",
					"@loader_path/Frameworks",
				);
				PRODUCT_BUNDLE_IDENTIFIER = com.raja.KnowSomeThingUITests;
				PRODUCT_NAME = "$(TARGET_NAME)";
				SWIFT_VERSION = 5.0;
				TARGETED_DEVICE_FAMILY = "1,2";
				TEST_TARGET_NAME = KnowSomeThing;
			};
			name = Release;
		};
/* End XCBuildConfiguration section */

/* Begin XCConfigurationList section */
		8418A77824DA59D90071F47F /* Build configuration list for PBXProject "KnowSomeThing" */ = {
			isa = XCConfigurationList;
			buildConfigurations = (
				8418A7A524DA59DD0071F47F /* Debug */,
				8418A7A624DA59DD0071F47F /* Release */,
			);
			defaultConfigurationIsVisible = 0;
			defaultConfigurationName = Release;
		};
		8418A7A724DA59DD0071F47F /* Build configuration list for PBXNativeTarget "KnowSomeThing" */ = {
			isa = XCConfigurationList;
			buildConfigurations = (
				8418A7A824DA59DD0071F47F /* Debug */,
				8418A7A924DA59DD0071F47F /* Release */,
			);
			defaultConfigurationIsVisible = 0;
			defaultConfigurationName = Release;
		};
		8418A7AA24DA59DD0071F47F /* Build configuration list for PBXNativeTarget "KnowSomeThingTests" */ = {
			isa = XCConfigurationList;
			buildConfigurations = (
				8418A7AB24DA59DD0071F47F /* Debug */,
				8418A7AC24DA59DD0071F47F /* Release */,
			);
			defaultConfigurationIsVisible = 0;
			defaultConfigurationName = Release;
		};
		8418A7AD24DA59DD0071F47F /* Build configuration list for PBXNativeTarget "KnowSomeThingUITests" */ = {
			isa = XCConfigurationList;
			buildConfigurations = (
				8418A7AE24DA59DD0071F47F /* Debug */,
				8418A7AF24DA59DD0071F47F /* Release */,
			);
			defaultConfigurationIsVisible = 0;
			defaultConfigurationName = Release;
		};
/* End XCConfigurationList section */
	};
	rootObject = 8418A77524DA59D90071F47F /* Project object */;
}
